
Microsoft Visual Studio Solution File, Format Version 12.00
# Visual Studio 2012
Project("{FAE04EC0-301F-11D3-BF4B-00C04F79EFBC}") = "Rangkakata", "Rangkakata\Rangkakata.csproj", "{F9AAC2CD-2B6D-4A9B-A07A-1F8C3FE06DBA}"
EndProject
Project("{FAE04EC0-301F-11D3-BF4B-00C04F79EFBC}") = "Rangkakata.iOS", "iOS\Rangkakata.iOS.csproj", "{24DD4429-E1A7-4CFA-9CBE-93989D5130DE}"
EndProject
Project("{FAE04EC0-301F-11D3-BF4B-00C04F79EFBC}") = "Rangkakata.Droid", "Droid\Rangkakata.Droid.csproj", "{06591581-D1AA-4ED1-81C2-0FB7208AF4B5}"
EndProject
Global
	GlobalSection(SolutionConfigurationPlatforms) = preSolution
		Debug|Any CPU = Debug|Any CPU
		Release|Any CPU = Release|Any CPU
		Debug|iPhoneSimulator = Debug|iPhoneSimulator
		Release|iPhone = Release|iPhone
		Release|iPhoneSimulator = Release|iPhoneSimulator
		Debug|iPhone = Debug|iPhone
	EndGlobalSection
	GlobalSection(ProjectConfigurationPlatforms) = postSolution
		{F9AAC2CD-2B6D-4A9B-A07A-1F8C3FE06DBA}.Debug|Any CPU.ActiveCfg = Debug|Any CPU
		{F9AAC2CD-2B6D-4A9B-A07A-1F8C3FE06DBA}.Debug|Any CPU.Build.0 = Debug|Any CPU
		{F9AAC2CD-2B6D-4A9B-A07A-1F8C3FE06DBA}.Release|Any CPU.ActiveCfg = Release|Any CPU
		{F9AAC2CD-2B6D-4A9B-A07A-1F8C3FE06DBA}.Release|Any CPU.Build.0 = Release|Any CPU
		{F9AAC2CD-2B6D-4A9B-A07A-1F8C3FE06DBA}.Debug|iPhoneSimulator.ActiveCfg = Debug|Any CPU
		{F9AAC2CD-2B6D-4A9B-A07A-1F8C3FE06DBA}.Debug|iPhoneSimulator.Build.0 = Debug|Any CPU
		{F9AAC2CD-2B6D-4A9B-A07A-1F8C3FE06DBA}.Release|iPhone.ActiveCfg = Release|Any CPU
		{F9AAC2CD-2B6D-4A9B-A07A-1F8C3FE06DBA}.Release|iPhone.Build.0 = Release|Any CPU
		{F9AAC2CD-2B6D-4A9B-A07A-1F8C3FE06DBA}.Release|iPhoneSimulator.ActiveCfg = Release|Any CPU
		{F9AAC2CD-2B6D-4A9B-A07A-1F8C3FE06DBA}.Release|iPhoneSimulator.Build.0 = Release|Any CPU
		{F9AAC2CD-2B6D-4A9B-A07A-1F8C3FE06DBA}.Debug|iPhone.ActiveCfg = Debug|Any CPU
		{F9AAC2CD-2B6D-4A9B-A07A-1F8C3FE06DBA}.Debug|iPhone.Build.0 = Debug|Any CPU
		{24DD4429-E1A7-4CFA-9CBE-93989D5130DE}.Debug|Any CPU.ActiveCfg = Debug|iPhoneSimulator
		{24DD4429-E1A7-4CFA-9CBE-93989D5130DE}.Debug|Any CPU.Build.0 = Debug|iPhoneSimulator
		{24DD4429-E1A7-4CFA-9CBE-93989D5130DE}.Release|Any CPU.ActiveCfg = Release|iPhone
		{24DD4429-E1A7-4CFA-9CBE-93989D5130DE}.Release|Any CPU.Build.0 = Release|iPhone
		{24DD4429-E1A7-4CFA-9CBE-93989D5130DE}.Debug|iPhoneSimulator.ActiveCfg = Debug|iPhoneSimulator
		{24DD4429-E1A7-4CFA-9CBE-93989D5130DE}.Debug|iPhoneSimulator.Build.0 = Debug|iPhoneSimulator
		{24DD4429-E1A7-4CFA-9CBE-93989D5130DE}.Release|iPhone.ActiveCfg = Release|iPhone
		{24DD4429-E1A7-4CFA-9CBE-93989D5130DE}.Release|iPhone.Build.0 = Release|iPhone
		{24DD4429-E1A7-4CFA-9CBE-93989D5130DE}.Release|iPhoneSimulator.ActiveCfg = Release|iPhoneSimulator
		{24DD4429-E1A7-4CFA-9CBE-93989D5130DE}.Release|iPhoneSimulator.Build.0 = Release|iPhoneSimulator
		{24DD4429-E1A7-4CFA-9CBE-93989D5130DE}.Debug|iPhone.ActiveCfg = Debug|iPhone
		{24DD4429-E1A7-4CFA-9CBE-93989D5130DE}.Debug|iPhone.Build.0 = Debug|iPhone
		{06591581-D1AA-4ED1-81C2-0FB7208AF4B5}.Debug|Any CPU.ActiveCfg = Debug|Any CPU
		{06591581-D1AA-4ED1-81C2-0FB7208AF4B5}.Debug|Any CPU.Build.0 = Debug|Any CPU
		{06591581-D1AA-4ED1-81C2-0FB7208AF4B5}.Release|Any CPU.ActiveCfg = Release|Any CPU
		{06591581-D1AA-4ED1-81C2-0FB7208AF4B5}.Release|Any CPU.Build.0 = Release|Any CPU
		{06591581-D1AA-4ED1-81C2-0FB7208AF4B5}.Debug|iPhoneSimulator.ActiveCfg = Debug|Any CPU
		{06591581-D1AA-4ED1-81C2-0FB7208AF4B5}.Debug|iPhoneSimulator.Build.0 = Debug|Any CPU
		{06591581-D1AA-4ED1-81C2-0FB7208AF4B5}.Release|iPhone.ActiveCfg = Release|Any CPU
		{06591581-D1AA-4ED1-81C2-0FB7208AF4B5}.Release|iPhone.Build.0 = Release|Any CPU
		{06591581-D1AA-4ED1-81C2-0FB7208AF4B5}.Release|iPhoneSimulator.ActiveCfg = Release|Any CPU
		{06591581-D1AA-4ED1-81C2-0FB7208AF4B5}.Release|iPhoneSimulator.Build.0 = Release|Any CPU
		{06591581-D1AA-4ED1-81C2-0FB7208AF4B5}.Debug|iPhone.ActiveCfg = Debug|Any CPU
		{06591581-D1AA-4ED1-81C2-0FB7208AF4B5}.Debug|iPhone.Build.0 = Debug|Any CPU
	EndGlobalSection
EndGlobal
